hash: f7b55c62c7714e0a7675357a6957b8ec979b40dd8f4774e5b84988d7f7c6a01f
updated: 2016-09-12T23:06:52.291336075-03:00
imports:
- name: github.com/googollee/go-engine.io
  version: ca9ced27e02c880970ee7726f9814f8a9c55d777
  subpackages:
  - message
  - parser
  - polling
  - transport
  - websocket
- name: github.com/googollee/go-socket.io
  version: e9f0a9b7a61267e1476f9f0a0429337813c39edd
- name: github.com/gorilla/websocket
  version: 2d1e4548da234d9cb742cc3628556fef86aafbac
testImports: []
